
Microsoft Visual Studio Solution File, Format Version 12.00
# Visual Studio Version 16
VisualStudioVersion = 16.0.29318.209
MinimumVisualStudioVersion = 15.0.26124.0
Project("{9A19103F-16F7-4668-BE54-9A1E7A4F7556}") = "Sample.Api", "Sample.Api\Sample.Api.csproj", "{C42100AA-D913-457F-BE36-1B32A93806F7}"
EndProject
Project("{FAE04EC0-301F-11D3-BF4B-00C04F79EFBC}") = "Sample.Contracts", "Sample.Contracts\Sample.Contracts.csproj", "{FBB8C779-F220-41EF-BB13-1EB92F71AE34}"
EndProject
Project("{FAE04EC0-301F-11D3-BF4B-00C04F79EFBC}") = "Sample.Components", "Sample.Components\Sample.Components.csproj", "{8C50C7CC-742D-44DF-8EB1-E0D78334AC4C}"
EndProject
Project("{FAE04EC0-301F-11D3-BF4B-00C04F79EFBC}") = "Sample.Service", "Sample.Service\Sample.Service.csproj", "{88D8A746-6E11-478B-8FA4-6C1DB84E3407}"
EndProject
Project("{E53339B2-1760-4266-BCC7-CA923CBCF16C}") = "docker-compose", "docker-compose.dcproj", "{C5C2987F-B9EB-42E0-A29A-28E0BBED221C}"
EndProject
Global
	GlobalSection(SolutionConfigurationPlatforms) = preSolution
		Debug|Any CPU = Debug|Any CPU
		Debug|x64 = Debug|x64
		Debug|x86 = Debug|x86
		Release|Any CPU = Release|Any CPU
		Release|x64 = Release|x64
		Release|x86 = Release|x86
	EndGlobalSection
	GlobalSection(ProjectConfigurationPlatforms) = postSolution
		{C42100AA-D913-457F-BE36-1B32A93806F7}.Debug|Any CPU.ActiveCfg = Debug|Any CPU
		{C42100AA-D913-457F-BE36-1B32A93806F7}.Debug|Any CPU.Build.0 = Debug|Any CPU
		{C42100AA-D913-457F-BE36-1B32A93806F7}.Debug|x64.ActiveCfg = Debug|Any CPU
		{C42100AA-D913-457F-BE36-1B32A93806F7}.Debug|x64.Build.0 = Debug|Any CPU
		{C42100AA-D913-457F-BE36-1B32A93806F7}.Debug|x86.ActiveCfg = Debug|Any CPU
		{C42100AA-D913-457F-BE36-1B32A93806F7}.Debug|x86.Build.0 = Debug|Any CPU
		{C42100AA-D913-457F-BE36-1B32A93806F7}.Release|Any CPU.ActiveCfg = Release|Any CPU
		{C42100AA-D913-457F-BE36-1B32A93806F7}.Release|Any CPU.Build.0 = Release|Any CPU
		{C42100AA-D913-457F-BE36-1B32A93806F7}.Release|x64.ActiveCfg = Release|Any CPU
		{C42100AA-D913-457F-BE36-1B32A93806F7}.Release|x64.Build.0 = Release|Any CPU
		{C42100AA-D913-457F-BE36-1B32A93806F7}.Release|x86.ActiveCfg = Release|Any CPU
		{C42100AA-D913-457F-BE36-1B32A93806F7}.Release|x86.Build.0 = Release|Any CPU
		{FBB8C779-F220-41EF-BB13-1EB92F71AE34}.Debug|Any CPU.ActiveCfg = Debug|Any CPU
		{FBB8C779-F220-41EF-BB13-1EB92F71AE34}.Debug|Any CPU.Build.0 = Debug|Any CPU
		{FBB8C779-F220-41EF-BB13-1EB92F71AE34}.Debug|x64.ActiveCfg = Debug|Any CPU
		{FBB8C779-F220-41EF-BB13-1EB92F71AE34}.Debug|x64.Build.0 = Debug|Any CPU
		{FBB8C779-F220-41EF-BB13-1EB92F71AE34}.Debug|x86.ActiveCfg = Debug|Any CPU
		{FBB8C779-F220-41EF-BB13-1EB92F71AE34}.Debug|x86.Build.0 = Debug|Any CPU
		{FBB8C779-F220-41EF-BB13-1EB92F71AE34}.Release|Any CPU.ActiveCfg = Release|Any CPU
		{FBB8C779-F220-41EF-BB13-1EB92F71AE34}.Release|Any CPU.Build.0 = Release|Any CPU
		{FBB8C779-F220-41EF-BB13-1EB92F71AE34}.Release|x64.ActiveCfg = Release|Any CPU
		{FBB8C779-F220-41EF-BB13-1EB92F71AE34}.Release|x64.Build.0 = Release|Any CPU
		{FBB8C779-F220-41EF-BB13-1EB92F71AE34}.Release|x86.ActiveCfg = Release|Any CPU
		{FBB8C779-F220-41EF-BB13-1EB92F71AE34}.Release|x86.Build.0 = Release|Any CPU
		{8C50C7CC-742D-44DF-8EB1-E0D78334AC4C}.Debug|Any CPU.ActiveCfg = Debug|Any CPU
		{8C50C7CC-742D-44DF-8EB1-E0D78334AC4C}.Debug|Any CPU.Build.0 = Debug|Any CPU
		{8C50C7CC-742D-44DF-8EB1-E0D78334AC4C}.Debug|x64.ActiveCfg = Debug|Any CPU
		{8C50C7CC-742D-44DF-8EB1-E0D78334AC4C}.Debug|x64.Build.0 = Debug|Any CPU
		{8C50C7CC-742D-44DF-8EB1-E0D78334AC4C}.Debug|x86.ActiveCfg = Debug|Any CPU
		{8C50C7CC-742D-44DF-8EB1-E0D78334AC4C}.Debug|x86.Build.0 = Debug|Any CPU
		{8C50C7CC-742D-44DF-8EB1-E0D78334AC4C}.Release|Any CPU.ActiveCfg = Release|Any CPU
		{8C50C7CC-742D-44DF-8EB1-E0D78334AC4C}.Release|Any CPU.Build.0 = Release|Any CPU
		{8C50C7CC-742D-44DF-8EB1-E0D78334AC4C}.Release|x64.ActiveCfg = Release|Any CPU
		{8C50C7CC-742D-44DF-8EB1-E0D78334AC4C}.Release|x64.Build.0 = Release|Any CPU
		{8C50C7CC-742D-44DF-8EB1-E0D78334AC4C}.Release|x86.ActiveCfg = Release|Any CPU
		{8C50C7CC-742D-44DF-8EB1-E0D78334AC4C}.Release|x86.Build.0 = Release|Any CPU
		{88D8A746-6E11-478B-8FA4-6C1DB84E3407}.Debug|Any CPU.ActiveCfg = Debug|Any CPU
		{88D8A746-6E11-478B-8FA4-6C1DB84E3407}.Debug|Any CPU.Build.0 = Debug|Any CPU
		{88D8A746-6E11-478B-8FA4-6C1DB84E3407}.Debug|x64.ActiveCfg = Debug|Any CPU
		{88D8A746-6E11-478B-8FA4-6C1DB84E3407}.Debug|x64.Build.0 = Debug|Any CPU
		{88D8A746-6E11-478B-8FA4-6C1DB84E3407}.Debug|x86.ActiveCfg = Debug|Any CPU
		{88D8A746-6E11-478B-8FA4-6C1DB84E3407}.Debug|x86.Build.0 = Debug|Any CPU
		{88D8A746-6E11-478B-8FA4-6C1DB84E3407}.Release|Any CPU.ActiveCfg = Release|Any CPU
		{88D8A746-6E11-478B-8FA4-6C1DB84E3407}.Release|Any CPU.Build.0 = Release|Any CPU
		{88D8A746-6E11-478B-8FA4-6C1DB84E3407}.Release|x64.ActiveCfg = Release|Any CPU
		{88D8A746-6E11-478B-8FA4-6C1DB84E3407}.Release|x64.Build.0 = Release|Any CPU
		{88D8A746-6E11-478B-8FA4-6C1DB84E3407}.Release|x86.ActiveCfg = Release|Any CPU
		{88D8A746-6E11-478B-8FA4-6C1DB84E3407}.Release|x86.Build.0 = Release|Any CPU
		{C5C2987F-B9EB-42E0-A29A-28E0BBED221C}.Debug|Any CPU.ActiveCfg = Debug|Any CPU
		{C5C2987F-B9EB-42E0-A29A-28E0BBED221C}.Debug|Any CPU.Build.0 = Debug|Any CPU
		{C5C2987F-B9EB-42E0-A29A-28E0BBED221C}.Debug|x64.ActiveCfg = Debug|Any CPU
		{C5C2987F-B9EB-42E0-A29A-28E0BBED221C}.Debug|x64.Build.0 = Debug|Any CPU
		{C5C2987F-B9EB-42E0-A29A-28E0BBED221C}.Debug|x86.ActiveCfg = Debug|Any CPU
		{C5C2987F-B9EB-42E0-A29A-28E0BBED221C}.Debug|x86.Build.0 = Debug|Any CPU
		{C5C2987F-B9EB-42E0-A29A-28E0BBED221C}.Release|Any CPU.ActiveCfg = Release|Any CPU
		{C5C2987F-B9EB-42E0-A29A-28E0BBED221C}.Release|Any CPU.Build.0 = Release|Any CPU
		{C5C2987F-B9EB-42E0-A29A-28E0BBED221C}.Release|x64.ActiveCfg = Release|Any CPU
		{C5C2987F-B9EB-42E0-A29A-28E0BBED221C}.Release|x64.Build.0 = Release|Any CPU
		{C5C2987F-B9EB-42E0-A29A-28E0BBED221C}.Release|x86.ActiveCfg = Release|Any CPU
		{C5C2987F-B9EB-42E0-A29A-28E0BBED221C}.Release|x86.Build.0 = Release|Any CPU
	EndGlobalSection
	GlobalSection(SolutionProperties) = preSolution
		HideSolutionNode = FALSE
	EndGlobalSection
	GlobalSection(ExtensibilityGlobals) = postSolution
		SolutionGuid = {07256DD8-66D5-4215-A9E4-19931674F8B8}
	EndGlobalSection
EndGlobal
